
Microsoft Visual Studio Solution File, Format Version 12.00
# Visual Studio Version 17
VisualStudioVersion = 17.9.34728.123
MinimumVisualStudioVersion = 10.0.40219.1
Project("{9A19103F-16F7-4668-BE54-9A1E7A4F7556}") = "FlyWithUs", "FlyWithUs.csproj", "{31FDE17A-B3C3-458C-B92D-634E09AEA19E}"
EndProject
Global
	GlobalSection(SolutionConfigurationPlatforms) = preSolution
		Debug|Any CPU = Debug|Any CPU
		Release|Any CPU = Release|Any CPU
	EndGlobalSection
	GlobalSection(ProjectConfigurationPlatforms) = postSolution
		{31FDE17A-B3C3-458C-B92D-634E09AEA19E}.Debug|Any CPU.ActiveCfg = Debug|Any CPU
		{31FDE17A-B3C3-458C-B92D-634E09AEA19E}.Debug|Any CPU.Build.0 = Debug|Any CPU
		{31FDE17A-B3C3-458C-B92D-634E09AEA19E}.Release|Any CPU.ActiveCfg = Release|Any CPU
		{31FDE17A-B3C3-458C-B92D-634E09AEA19E}.Release|Any CPU.Build.0 = Release|Any CPU
	EndGlobalSection
	GlobalSection(SolutionProperties) = preSolution
		HideSolutionNode = FALSE
	EndGlobalSection
	GlobalSection(ExtensibilityGlobals) = postSolution
		SolutionGuid = {E7F891CE-0EAB-4EEF-982E-3113D45AEDDD}
	EndGlobalSection
EndGlobal
